
Microsoft Visual Studio Solution File, Format Version 12.00
# Visual Studio Version 16
VisualStudioVersion = 16.0.30002.166
MinimumVisualStudioVersion = 10.0.40219.1
Project("{FAE04EC0-301F-11D3-BF4B-00C04F79EFBC}") = "Deliverable2", "Deliverable2\Deliverable2.csproj", "{52E5C465-3946-4955-844F-F696EA971A4D}"
EndProject
Global
	GlobalSection(SolutionConfigurationPlatforms) = preSolution
		Debug|Any CPU = Debug|Any CPU
		Release|Any CPU = Release|Any CPU
	EndGlobalSection
	GlobalSection(ProjectConfigurationPlatforms) = postSolution
		{52E5C465-3946-4955-844F-F696EA971A4D}.Debug|Any CPU.ActiveCfg = Debug|Any CPU
		{52E5C465-3946-4955-844F-F696EA971A4D}.Debug|Any CPU.Build.0 = Debug|Any CPU
		{52E5C465-3946-4955-844F-F696EA971A4D}.Release|Any CPU.ActiveCfg = Release|Any CPU
		{52E5C465-3946-4955-844F-F696EA971A4D}.Release|Any CPU.Build.0 = Release|Any CPU
	EndGlobalSection
	GlobalSection(SolutionProperties) = preSolution
		HideSolutionNode = FALSE
	EndGlobalSection
	GlobalSection(ExtensibilityGlobals) = postSolution
		SolutionGuid = {84F0210F-61D2-432B-A2BD-39CAA77C0A31}
	EndGlobalSection
EndGlobal
